
Microsoft Visual Studio Solution File, Format Version 12.00
# Visual Studio Version 16
VisualStudioVersion = 16.0.30503.244
MinimumVisualStudioVersion = 10.0.40219.1
Project("{FAE04EC0-301F-11D3-BF4B-00C04F79EFBC}") = "BaiTap3_61130013", "BaiTap3_61130013\BaiTap3_61130013.csproj", "{391CE28D-F4C2-4FFD-922E-DAB081C0DE5A}"
EndProject
Global
	GlobalSection(SolutionConfigurationPlatforms) = preSolution
		Debug|Any CPU = Debug|Any CPU
		Release|Any CPU = Release|Any CPU
	EndGlobalSection
	GlobalSection(ProjectConfigurationPlatforms) = postSolution
		{391CE28D-F4C2-4FFD-922E-DAB081C0DE5A}.Debug|Any CPU.ActiveCfg = Debug|Any CPU
		{391CE28D-F4C2-4FFD-922E-DAB081C0DE5A}.Debug|Any CPU.Build.0 = Debug|Any CPU
		{391CE28D-F4C2-4FFD-922E-DAB081C0DE5A}.Release|Any CPU.ActiveCfg = Release|Any CPU
		{391CE28D-F4C2-4FFD-922E-DAB081C0DE5A}.Release|Any CPU.Build.0 = Release|Any CPU
	EndGlobalSection
	GlobalSection(SolutionProperties) = preSolution
		HideSolutionNode = FALSE
	EndGlobalSection
	GlobalSection(ExtensibilityGlobals) = postSolution
		SolutionGuid = {03E3A87C-3349-47E1-8CE5-6171A3684EE3}
	EndGlobalSection
EndGlobal
